
Microsoft Visual Studio Solution File, Format Version 12.00
# Visual Studio 15
VisualStudioVersion = 15.0.28010.2036
MinimumVisualStudioVersion = 10.0.40219.1
Project("{FAE04EC0-301F-11D3-BF4B-00C04F79EFBC}") = "Task1", "Task1\Task1.csproj", "{B99665D0-07A7-4BBC-840D-CB7948210512}"
EndProject
Project("{FAE04EC0-301F-11D3-BF4B-00C04F79EFBC}") = "Task2", "Task2\Task2.csproj", "{BE6101FD-9316-4CE7-AEA0-AAE80AF817BB}"
EndProject
Project("{FAE04EC0-301F-11D3-BF4B-00C04F79EFBC}") = "Task3", "Task3\Task3.csproj", "{B7237F6D-D2E0-4F2B-9CCB-C60696280EF2}"
EndProject
Project("{FAE04EC0-301F-11D3-BF4B-00C04F79EFBC}") = "Task4", "Task4\Task4.csproj", "{DDCE00CF-4412-4B32-993C-C2EEF82D0F34}"
EndProject
Global
	GlobalSection(SolutionConfigurationPlatforms) = preSolution
		Debug|Any CPU = Debug|Any CPU
		Release|Any CPU = Release|Any CPU
	EndGlobalSection
	GlobalSection(ProjectConfigurationPlatforms) = postSolution
		{B99665D0-07A7-4BBC-840D-CB7948210512}.Debug|Any CPU.ActiveCfg = Debug|Any CPU
		{B99665D0-07A7-4BBC-840D-CB7948210512}.Debug|Any CPU.Build.0 = Debug|Any CPU
		{B99665D0-07A7-4BBC-840D-CB7948210512}.Release|Any CPU.ActiveCfg = Release|Any CPU
		{B99665D0-07A7-4BBC-840D-CB7948210512}.Release|Any CPU.Build.0 = Release|Any CPU
		{BE6101FD-9316-4CE7-AEA0-AAE80AF817BB}.Debug|Any CPU.ActiveCfg = Debug|Any CPU
		{BE6101FD-9316-4CE7-AEA0-AAE80AF817BB}.Debug|Any CPU.Build.0 = Debug|Any CPU
		{BE6101FD-9316-4CE7-AEA0-AAE80AF817BB}.Release|Any CPU.ActiveCfg = Release|Any CPU
		{BE6101FD-9316-4CE7-AEA0-AAE80AF817BB}.Release|Any CPU.Build.0 = Release|Any CPU
		{B7237F6D-D2E0-4F2B-9CCB-C60696280EF2}.Debug|Any CPU.ActiveCfg = Debug|Any CPU
		{B7237F6D-D2E0-4F2B-9CCB-C60696280EF2}.Debug|Any CPU.Build.0 = Debug|Any CPU
		{B7237F6D-D2E0-4F2B-9CCB-C60696280EF2}.Release|Any CPU.ActiveCfg = Release|Any CPU
		{B7237F6D-D2E0-4F2B-9CCB-C60696280EF2}.Release|Any CPU.Build.0 = Release|Any CPU
		{DDCE00CF-4412-4B32-993C-C2EEF82D0F34}.Debug|Any CPU.ActiveCfg = Debug|Any CPU
		{DDCE00CF-4412-4B32-993C-C2EEF82D0F34}.Debug|Any CPU.Build.0 = Debug|Any CPU
		{DDCE00CF-4412-4B32-993C-C2EEF82D0F34}.Release|Any CPU.ActiveCfg = Release|Any CPU
		{DDCE00CF-4412-4B32-993C-C2EEF82D0F34}.Release|Any CPU.Build.0 = Release|Any CPU
	EndGlobalSection
	GlobalSection(SolutionProperties) = preSolution
		HideSolutionNode = FALSE
	EndGlobalSection
	GlobalSection(ExtensibilityGlobals) = postSolution
		SolutionGuid = {3629A0EE-B455-4EBF-8C41-5DFBB005EAC5}
	EndGlobalSection
EndGlobal
