
Microsoft Visual Studio Solution File, Format Version 12.00
# Visual Studio 15
VisualStudioVersion = 15.0.28010.2036
MinimumVisualStudioVersion = 10.0.40219.1
Project("{FAE04EC0-301F-11D3-BF4B-00C04F79EFBC}") = "Task1", "Task5\Task1.csproj", "{EDE103E9-2450-464D-9A12-4066F1FC3A12}"
EndProject
Project("{FAE04EC0-301F-11D3-BF4B-00C04F79EFBC}") = "Task2", "Task2\Task2.csproj", "{293E2353-FAC3-4F37-81B2-7C432EECAA39}"
EndProject
Global
	GlobalSection(SolutionConfigurationPlatforms) = preSolution
		Debug|Any CPU = Debug|Any CPU
		Release|Any CPU = Release|Any CPU
	EndGlobalSection
	GlobalSection(ProjectConfigurationPlatforms) = postSolution
		{EDE103E9-2450-464D-9A12-4066F1FC3A12}.Debug|Any CPU.ActiveCfg = Debug|Any CPU
		{EDE103E9-2450-464D-9A12-4066F1FC3A12}.Debug|Any CPU.Build.0 = Debug|Any CPU
		{EDE103E9-2450-464D-9A12-4066F1FC3A12}.Release|Any CPU.ActiveCfg = Release|Any CPU
		{EDE103E9-2450-464D-9A12-4066F1FC3A12}.Release|Any CPU.Build.0 = Release|Any CPU
		{293E2353-FAC3-4F37-81B2-7C432EECAA39}.Debug|Any CPU.ActiveCfg = Debug|Any CPU
		{293E2353-FAC3-4F37-81B2-7C432EECAA39}.Debug|Any CPU.Build.0 = Debug|Any CPU
		{293E2353-FAC3-4F37-81B2-7C432EECAA39}.Release|Any CPU.ActiveCfg = Release|Any CPU
		{293E2353-FAC3-4F37-81B2-7C432EECAA39}.Release|Any CPU.Build.0 = Release|Any CPU
	EndGlobalSection
	GlobalSection(SolutionProperties) = preSolution
		HideSolutionNode = FALSE
	EndGlobalSection
	GlobalSection(ExtensibilityGlobals) = postSolution
		SolutionGuid = {860DBB52-0DFC-424F-8591-393BF8F04A28}
	EndGlobalSection
EndGlobal
